
Microsoft Visual Studio Solution File, Format Version 12.00
# Visual Studio Version 17
VisualStudioVersion = 17.5.33627.172
MinimumVisualStudioVersion = 10.0.40219.1
Project("{FAE04EC0-301F-11D3-BF4B-00C04F79EFBC}") = "CubeIntersection", "CubeIntersection\CubeIntersection.csproj", "{C5ED3448-6DF3-425F-B296-380760D247B3}"
EndProject
Project("{FAE04EC0-301F-11D3-BF4B-00C04F79EFBC}") = "CubeIntersection.App", "CubeIntersection.App\CubeIntersection.App.csproj", "{92BC8A56-9422-42FD-A398-C4582C0312E9}"
EndProject
Project("{FAE04EC0-301F-11D3-BF4B-00C04F79EFBC}") = "CubeIntersection.Test", "CubeIntersection.Test\CubeIntersection.Test.csproj", "{2AA32463-75FE-4D85-B471-4BA782E7CC30}"
EndProject
Global
	GlobalSection(SolutionConfigurationPlatforms) = preSolution
		Debug|Any CPU = Debug|Any CPU
		Release|Any CPU = Release|Any CPU
	EndGlobalSection
	GlobalSection(ProjectConfigurationPlatforms) = postSolution
		{C5ED3448-6DF3-425F-B296-380760D247B3}.Debug|Any CPU.ActiveCfg = Debug|Any CPU
		{C5ED3448-6DF3-425F-B296-380760D247B3}.Debug|Any CPU.Build.0 = Debug|Any CPU
		{C5ED3448-6DF3-425F-B296-380760D247B3}.Release|Any CPU.ActiveCfg = Release|Any CPU
		{C5ED3448-6DF3-425F-B296-380760D247B3}.Release|Any CPU.Build.0 = Release|Any CPU
		{92BC8A56-9422-42FD-A398-C4582C0312E9}.Debug|Any CPU.ActiveCfg = Debug|Any CPU
		{92BC8A56-9422-42FD-A398-C4582C0312E9}.Debug|Any CPU.Build.0 = Debug|Any CPU
		{92BC8A56-9422-42FD-A398-C4582C0312E9}.Release|Any CPU.ActiveCfg = Release|Any CPU
		{92BC8A56-9422-42FD-A398-C4582C0312E9}.Release|Any CPU.Build.0 = Release|Any CPU
		{2AA32463-75FE-4D85-B471-4BA782E7CC30}.Debug|Any CPU.ActiveCfg = Debug|Any CPU
		{2AA32463-75FE-4D85-B471-4BA782E7CC30}.Debug|Any CPU.Build.0 = Debug|Any CPU
		{2AA32463-75FE-4D85-B471-4BA782E7CC30}.Release|Any CPU.ActiveCfg = Release|Any CPU
		{2AA32463-75FE-4D85-B471-4BA782E7CC30}.Release|Any CPU.Build.0 = Release|Any CPU
	EndGlobalSection
	GlobalSection(SolutionProperties) = preSolution
		HideSolutionNode = FALSE
	EndGlobalSection
	GlobalSection(ExtensibilityGlobals) = postSolution
		SolutionGuid = {EF50FF58-0433-4FFF-B1C4-CE884A2AF753}
	EndGlobalSection
EndGlobal
